
Microsoft Visual Studio Solution File, Format Version 12.00
# Visual Studio Version 17
VisualStudioVersion = 17.8.34330.188
MinimumVisualStudioVersion = 10.0.40219.1
Project("{9A19103F-16F7-4668-BE54-9A1E7A4F7556}") = "PDF Merge", "PDF Merge\PDF Merge.csproj", "{38B9C848-D677-4F4D-A9A5-8D4486CD3D21}"
EndProject
Project("{930C7802-8A8C-48F9-8165-68863BCCD9DD}") = "Setup", "Setup\Setup.wixproj", "{4940DB22-143E-47FB-AD9B-8E4903782DF8}"
EndProject
Global
	GlobalSection(SolutionConfigurationPlatforms) = preSolution
		Debug|Any CPU = Debug|Any CPU
		Debug|x86 = Debug|x86
		Release|Any CPU = Release|Any CPU
		Release|x86 = Release|x86
	EndGlobalSection
	GlobalSection(ProjectConfigurationPlatforms) = postSolution
		{38B9C848-D677-4F4D-A9A5-8D4486CD3D21}.Debug|Any CPU.ActiveCfg = Debug|Any CPU
		{38B9C848-D677-4F4D-A9A5-8D4486CD3D21}.Debug|Any CPU.Build.0 = Debug|Any CPU
		{38B9C848-D677-4F4D-A9A5-8D4486CD3D21}.Debug|x86.ActiveCfg = Debug|Any CPU
		{38B9C848-D677-4F4D-A9A5-8D4486CD3D21}.Debug|x86.Build.0 = Debug|Any CPU
		{38B9C848-D677-4F4D-A9A5-8D4486CD3D21}.Release|Any CPU.ActiveCfg = Release|Any CPU
		{38B9C848-D677-4F4D-A9A5-8D4486CD3D21}.Release|Any CPU.Build.0 = Release|Any CPU
		{38B9C848-D677-4F4D-A9A5-8D4486CD3D21}.Release|x86.ActiveCfg = Release|Any CPU
		{38B9C848-D677-4F4D-A9A5-8D4486CD3D21}.Release|x86.Build.0 = Release|Any CPU
		{4940DB22-143E-47FB-AD9B-8E4903782DF8}.Debug|Any CPU.ActiveCfg = Debug|x86
		{4940DB22-143E-47FB-AD9B-8E4903782DF8}.Debug|Any CPU.Build.0 = Debug|x86
		{4940DB22-143E-47FB-AD9B-8E4903782DF8}.Debug|x86.ActiveCfg = Debug|x86
		{4940DB22-143E-47FB-AD9B-8E4903782DF8}.Debug|x86.Build.0 = Debug|x86
		{4940DB22-143E-47FB-AD9B-8E4903782DF8}.Release|Any CPU.ActiveCfg = Release|x86
		{4940DB22-143E-47FB-AD9B-8E4903782DF8}.Release|Any CPU.Build.0 = Release|x86
		{4940DB22-143E-47FB-AD9B-8E4903782DF8}.Release|x86.ActiveCfg = Release|x86
		{4940DB22-143E-47FB-AD9B-8E4903782DF8}.Release|x86.Build.0 = Release|x86
	EndGlobalSection
	GlobalSection(SolutionProperties) = preSolution
		HideSolutionNode = FALSE
	EndGlobalSection
	GlobalSection(ExtensibilityGlobals) = postSolution
		SolutionGuid = {01FAF944-2672-41AE-8CE7-892108C8FDA7}
	EndGlobalSection
EndGlobal
